// !$*UTF8*$!
{
	archiveVersion = 1;
	classes = {
	};
	objectVersion = 50;
	objects = {

/* Begin PBXBuildFile section */
		850818C6246AE6E1005DADA7 /* AppDelegate.swift in Sources */ = {isa = PBXBuildFile; fileRef = 850818C5246AE6E1005DADA7 /* AppDelegate.swift */; };
		850818C8246AE6E1005DADA7 /* SceneDelegate.swift in Sources */ = {isa = PBXBuildFile; fileRef = 850818C7246AE6E1005DADA7 /* SceneDelegate.swift */; };
		850818CA246AE6E1005DADA7 /* CharacterSheet.swift in Sources */ = {isa = PBXBuildFile; fileRef = 850818C9246AE6E1005DADA7 /* CharacterSheet.swift */; };
		850818CC246AE6E6005DADA7 /* Assets.xcassets in Resources */ = {isa = PBXBuildFile; fileRef = 850818CB246AE6E6005DADA7 /* Assets.xcassets */; };
		850818CF246AE6E6005DADA7 /* Preview Assets.xcassets in Resources */ = {isa = PBXBuildFile; fileRef = 850818CE246AE6E6005DADA7 /* Preview Assets.xcassets */; };
		850818D2246AE6E6005DADA7 /* LaunchScreen.storyboard in Resources */ = {isa = PBXBuildFile; fileRef = 850818D0246AE6E6005DADA7 /* LaunchScreen.storyboard */; };
		850818DD246AE6E6005DADA7 /* TFT_Character_SheetTests.swift in Sources */ = {isa = PBXBuildFile; fileRef = 850818DC246AE6E6005DADA7 /* TFT_Character_SheetTests.swift */; };
		850818E8246AE6E6005DADA7 /* TFT_Character_SheetUITests.swift in Sources */ = {isa = PBXBuildFile; fileRef = 850818E7246AE6E6005DADA7 /* TFT_Character_SheetUITests.swift */; };
		850818F6246AF389005DADA7 /* CircleView.swift in Sources */ = {isa = PBXBuildFile; fileRef = 850818F5246AF389005DADA7 /* CircleView.swift */; };
		8548496124A3E5E40079D1CF /* CharacterList.swift in Sources */ = {isa = PBXBuildFile; fileRef = 8548496024A3E5E40079D1CF /* CharacterList.swift */; };
		8548496324AA89500079D1CF /* UserData.swift in Sources */ = {isa = PBXBuildFile; fileRef = 8548496224AA89500079D1CF /* UserData.swift */; };
		854BBD27246DA0C500C47EF6 /* Character.swift in Sources */ = {isa = PBXBuildFile; fileRef = 854BBD26246DA0C500C47EF6 /* Character.swift */; };
		854BBD2A246DA2EA00C47EF6 /* characterData.json in Resources */ = {isa = PBXBuildFile; fileRef = 854BBD29246DA2EA00C47EF6 /* characterData.json */; };
		854BBD2D246DA9EC00C47EF6 /* CharacterRow.swift in Sources */ = {isa = PBXBuildFile; fileRef = 854BBD2C246DA9EC00C47EF6 /* CharacterRow.swift */; };
		854BBD2F246F48F400C47EF6 /* Data.swift in Sources */ = {isa = PBXBuildFile; fileRef = 854BBD2E246F48F400C47EF6 /* Data.swift */; };
		8577F0472480206800E50BBC /* durin.jpg in Resources */ = {isa = PBXBuildFile; fileRef = 8577F0432480206800E50BBC /* durin.jpg */; };
		8577F0482480206800E50BBC /* bilbo.jpg in Resources */ = {isa = PBXBuildFile; fileRef = 8577F0442480206800E50BBC /* bilbo.jpg */; };
		8577F0492480206800E50BBC /* gandalf.jpg in Resources */ = {isa = PBXBuildFile; fileRef = 8577F0452480206800E50BBC /* gandalf.jpg */; };
		8577F04A2480206800E50BBC /* thorin.jpg in Resources */ = {isa = PBXBuildFile; fileRef = 8577F0462480206800E50BBC /* thorin.jpg */; };
		85CB360425056D0C005D6059 /* CreateCharacterView.swift in Sources */ = {isa = PBXBuildFile; fileRef = 85CB360325056D0C005D6059 /* CreateCharacterView.swift */; };
/* End PBXBuildFile section */

/* Begin PBXContainerItemProxy section */
		850818D9246AE6E6005DADA7 /* PBXContainerItemProxy */ = {
			isa = PBXContainerItemProxy;
			containerPortal = 850818BA246AE6E1005DADA7 /* Project object */;
			proxyType = 1;
			remoteGlobalIDString = 850818C1246AE6E1005DADA7;
			remoteInfo = "TFT Character Sheet";
		};
		850818E4246AE6E6005DADA7 /* PBXContainerItemProxy */ = {
			isa = PBXContainerItemProxy;
			containerPortal = 850818BA246AE6E1005DADA7 /* Project object */;
			proxyType = 1;
			remoteGlobalIDString = 850818C1246AE6E1005DADA7;
			remoteInfo = "TFT Character Sheet";
		};
/* End PBXContainerItemProxy section */

/* Begin PBXFileReference section */
		850818C2246AE6E1005DADA7 /* TFT Character Sheet.app */ = {isa = PBXFileReference; explicitFileType = wrapper.application; includeInIndex = 0; path = "TFT Character Sheet.app"; sourceTree = BUILT_PRODUCTS_DIR; };
		850818C5246AE6E1005DADA7 /* AppDelegate.swift */ = {isa = PBXFileReference; lastKnownFileType = sourcecode.swift; path = AppDelegate.swift; sourceTree = "<group>"; };
		850818C7246AE6E1005DADA7 /* SceneDelegate.swift */ = {isa = PBXFileReference; lastKnownFileType = sourcecode.swift; path = SceneDelegate.swift; sourceTree = "<group>"; };
		850818C9246AE6E1005DADA7 /* CharacterSheet.swift */ = {isa = PBXFileReference; lastKnownFileType = sourcecode.swift; path = CharacterSheet.swift; sourceTree = "<group>"; };
		850818CB246AE6E6005DADA7 /* Assets.xcassets */ = {isa = PBXFileReference; lastKnownFileType = folder.assetcatalog; path = Assets.xcassets; sourceTree = "<group>"; };
		850818CE246AE6E6005DADA7 /* Preview Assets.xcassets */ = {isa = PBXFileReference; lastKnownFileType = folder.assetcatalog; path = "Preview Assets.xcassets"; sourceTree = "<group>"; };
		850818D1246AE6E6005DADA7 /* Base */ = {isa = PBXFileReference; lastKnownFileType = file.storyboard; name = Base; path = Base.lproj/LaunchScreen.storyboard; sourceTree = "<group>"; };
		850818D3246AE6E6005DADA7 /* Info.plist */ = {isa = PBXFileReference; lastKnownFileType = text.plist.xml; path = Info.plist; sourceTree = "<group>"; };
		850818D8246AE6E6005DADA7 /* TFT Character SheetTests.xctest */ = {isa = PBXFileReference; explicitFileType = wrapper.cfbundle; includeInIndex = 0; path = "TFT Character SheetTests.xctest"; sourceTree = BUILT_PRODUCTS_DIR; };
		850818DC246AE6E6005DADA7 /* TFT_Character_SheetTests.swift */ = {isa = PBXFileReference; lastKnownFileType = sourcecode.swift; path = TFT_Character_SheetTests.swift; sourceTree = "<group>"; };
		850818DE246AE6E6005DADA7 /* Info.plist */ = {isa = PBXFileReference; lastKnownFileType = text.plist.xml; path = Info.plist; sourceTree = "<group>"; };
		850818E3246AE6E6005DADA7 /* TFT Character SheetUITests.xctest */ = {isa = PBXFileReference; explicitFileType = wrapper.cfbundle; includeInIndex = 0; path = "TFT Character SheetUITests.xctest"; sourceTree = BUILT_PRODUCTS_DIR; };
		850818E7246AE6E6005DADA7 /* TFT_Character_SheetUITests.swift */ = {isa = PBXFileReference; lastKnownFileType = sourcecode.swift; path = TFT_Character_SheetUITests.swift; sourceTree = "<group>"; };
		850818E9246AE6E6005DADA7 /* Info.plist */ = {isa = PBXFileReference; lastKnownFileType = text.plist.xml; path = Info.plist; sourceTree = "<group>"; };
		850818F5246AF389005DADA7 /* CircleView.swift */ = {isa = PBXFileReference; lastKnownFileType = sourcecode.swift; path = CircleView.swift; sourceTree = "<group>"; };
		8548496024A3E5E40079D1CF /* CharacterList.swift */ = {isa = PBXFileReference; lastKnownFileType = sourcecode.swift; path = CharacterList.swift; sourceTree = "<group>"; };
		8548496224AA89500079D1CF /* UserData.swift */ = {isa = PBXFileReference; lastKnownFileType = sourcecode.swift; path = UserData.swift; sourceTree = "<group>"; };
		854BBD26246DA0C500C47EF6 /* Character.swift */ = {isa = PBXFileReference; lastKnownFileType = sourcecode.swift; path = Character.swift; sourceTree = "<group>"; };
		854BBD29246DA2EA00C47EF6 /* characterData.json */ = {isa = PBXFileReference; lastKnownFileType = text.json; name = characterData.json; path = "TFT Character Sheet/Resources/characterData.json"; sourceTree = SOURCE_ROOT; };
		854BBD2C246DA9EC00C47EF6 /* CharacterRow.swift */ = {isa = PBXFileReference; lastKnownFileType = sourcecode.swift; path = CharacterRow.swift; sourceTree = "<group>"; };
		854BBD2E246F48F400C47EF6 /* Data.swift */ = {isa = PBXFileReference; lastKnownFileType = sourcecode.swift; path = Data.swift; sourceTree = "<group>"; };
		8577F0432480206800E50BBC /* durin.jpg */ = {isa = PBXFileReference; lastKnownFileType = image.jpeg; path = durin.jpg; sourceTree = "<group>"; };
		8577F0442480206800E50BBC /* bilbo.jpg */ = {isa = PBXFileReference; lastKnownFileType = image.jpeg; path = bilbo.jpg; sourceTree = "<group>"; };
		8577F0452480206800E50BBC /* gandalf.jpg */ = {isa = PBXFileReference; lastKnownFileType = image.jpeg; path = gandalf.jpg; sourceTree = "<group>"; };
		8577F0462480206800E50BBC /* thorin.jpg */ = {isa = PBXFileReference; lastKnownFileType = image.jpeg; path = thorin.jpg; sourceTree = "<group>"; };
		85CB360325056D0C005D6059 /* CreateCharacterView.swift */ = {isa = PBXFileReference; lastKnownFileType = sourcecode.swift; path = CreateCharacterView.swift; sourceTree = "<group>"; };
/* End PBXFileReference section */

/* Begin PBXFrameworksBuildPhase section */
		850818BF246AE6E1005DADA7 /* Frameworks */ = {
			isa = PBXFrameworksBuildPhase;
			buildActionMask = 2147483647;
			files = (
			);
			runOnlyForDeploymentPostprocessing = 0;
		};
		850818D5246AE6E6005DADA7 /* Frameworks */ = {
			isa = PBXFrameworksBuildPhase;
			buildActionMask = 2147483647;
			files = (
			);
			runOnlyForDeploymentPostprocessing = 0;
		};
		850818E0246AE6E6005DADA7 /* Frameworks */ = {
			isa = PBXFrameworksBuildPhase;
			buildActionMask = 2147483647;
			files = (
			);
			runOnlyForDeploymentPostprocessing = 0;
		};
/* End PBXFrameworksBuildPhase section */

/* Begin PBXGroup section */
		850818B9246AE6E1005DADA7 = {
			isa = PBXGroup;
			children = (
				850818C4246AE6E1005DADA7 /* TFT Character Sheet */,
				850818DB246AE6E6005DADA7 /* TFT Character SheetTests */,
				850818E6246AE6E6005DADA7 /* TFT Character SheetUITests */,
				850818C3246AE6E1005DADA7 /* Products */,
			);
			sourceTree = "<group>";
		};
		850818C3246AE6E1005DADA7 /* Products */ = {
			isa = PBXGroup;
			children = (
				850818C2246AE6E1005DADA7 /* TFT Character Sheet.app */,
				850818D8246AE6E6005DADA7 /* TFT Character SheetTests.xctest */,
				850818E3246AE6E6005DADA7 /* TFT Character SheetUITests.xctest */,
			);
			name = Products;
			sourceTree = "<group>";
		};
		850818C4246AE6E1005DADA7 /* TFT Character Sheet */ = {
			isa = PBXGroup;
			children = (
				850818C5246AE6E1005DADA7 /* AppDelegate.swift */,
				854BBD28246DA0D100C47EF6 /* Models */,
				854BBD2B246DA2F900C47EF6 /* Resources */,
				850818C7246AE6E1005DADA7 /* SceneDelegate.swift */,
				850818C9246AE6E1005DADA7 /* CharacterSheet.swift */,
				854BBD2C246DA9EC00C47EF6 /* CharacterRow.swift */,
				8548496024A3E5E40079D1CF /* CharacterList.swift */,
				85CB360325056D0C005D6059 /* CreateCharacterView.swift */,
				8548496224AA89500079D1CF /* UserData.swift */,
				850818CB246AE6E6005DADA7 /* Assets.xcassets */,
				850818F5246AF389005DADA7 /* CircleView.swift */,
				850818D0246AE6E6005DADA7 /* LaunchScreen.storyboard */,
				850818D3246AE6E6005DADA7 /* Info.plist */,
				850818CD246AE6E6005DADA7 /* Preview Content */,
			);
			path = "TFT Character Sheet";
			sourceTree = "<group>";
		};
		850818CD246AE6E6005DADA7 /* Preview Content */ = {
			isa = PBXGroup;
			children = (
				850818CE246AE6E6005DADA7 /* Preview Assets.xcassets */,
			);
			path = "Preview Content";
			sourceTree = "<group>";
		};
		850818DB246AE6E6005DADA7 /* TFT Character SheetTests */ = {
			isa = PBXGroup;
			children = (
				850818DC246AE6E6005DADA7 /* TFT_Character_SheetTests.swift */,
				850818DE246AE6E6005DADA7 /* Info.plist */,
			);
			path = "TFT Character SheetTests";
			sourceTree = "<group>";
		};
		850818E6246AE6E6005DADA7 /* TFT Character SheetUITests */ = {
			isa = PBXGroup;
			children = (
				850818E7246AE6E6005DADA7 /* TFT_Character_SheetUITests.swift */,
				850818E9246AE6E6005DADA7 /* Info.plist */,
			);
			path = "TFT Character SheetUITests";
			sourceTree = "<group>";
		};
		854BBD28246DA0D100C47EF6 /* Models */ = {
			isa = PBXGroup;
			children = (
				854BBD2E246F48F400C47EF6 /* Data.swift */,
				854BBD26246DA0C500C47EF6 /* Character.swift */,
			);
			path = Models;
			sourceTree = "<group>";
		};
		854BBD2B246DA2F900C47EF6 /* Resources */ = {
			isa = PBXGroup;
			children = (
				8577F0442480206800E50BBC /* bilbo.jpg */,
				8577F0432480206800E50BBC /* durin.jpg */,
				8577F0452480206800E50BBC /* gandalf.jpg */,
				8577F0462480206800E50BBC /* thorin.jpg */,
				854BBD29246DA2EA00C47EF6 /* characterData.json */,
			);
			path = Resources;
			sourceTree = "<group>";
		};
/* End PBXGroup section */

/* Begin PBXNativeTarget section */
		850818C1246AE6E1005DADA7 /* TFT Character Sheet */ = {
			isa = PBXNativeTarget;
			buildConfigurationList = 850818EC246AE6E6005DADA7 /* Build configuration list for PBXNativeTarget "TFT Character Sheet" */;
			buildPhases = (
				850818BE246AE6E1005DADA7 /* Sources */,
				850818BF246AE6E1005DADA7 /* Frameworks */,
				850818C0246AE6E1005DADA7 /* Resources */,
			);
			buildRules = (
			);
			dependencies = (
			);
			name = "TFT Character Sheet";
			productName = "TFT Character Sheet";
			productReference = 850818C2246AE6E1005DADA7 /* TFT Character Sheet.app */;
			productType = "com.apple.product-type.application";
		};
		850818D7246AE6E6005DADA7 /* TFT Character SheetTests */ = {
			isa = PBXNativeTarget;
			buildConfigurationList = 850818EF246AE6E6005DADA7 /* Build configuration list for PBXNativeTarget "TFT Character SheetTests" */;
			buildPhases = (
				850818D4246AE6E6005DADA7 /* Sources */,
				850818D5246AE6E6005DADA7 /* Frameworks */,
				850818D6246AE6E6005DADA7 /* Resources */,
			);
			buildRules = (
			);
			dependencies = (
				850818DA246AE6E6005DADA7 /* PBXTargetDependency */,
			);
			name = "TFT Character SheetTests";
			productName = "TFT Character SheetTests";
			productReference = 850818D8246AE6E6005DADA7 /* TFT Character SheetTests.xctest */;
			productType = "com.apple.product-type.bundle.unit-test";
		};
		850818E2246AE6E6005DADA7 /* TFT Character SheetUITests */ = {
			isa = PBXNativeTarget;
			buildConfigurationList = 850818F2246AE6E6005DADA7 /* Build configuration list for PBXNativeTarget "TFT Character SheetUITests" */;
			buildPhases = (
				850818DF246AE6E6005DADA7 /* Sources */,
				850818E0246AE6E6005DADA7 /* Frameworks */,
				850818E1246AE6E6005DADA7 /* Resources */,
			);
			buildRules = (
			);
			dependencies = (
				850818E5246AE6E6005DADA7 /* PBXTargetDependency */,
			);
			name = "TFT Character SheetUITests";
			productName = "TFT Character SheetUITests";
			productReference = 850818E3246AE6E6005DADA7 /* TFT Character SheetUITests.xctest */;
			productType = "com.apple.product-type.bundle.ui-testing";
		};
/* End PBXNativeTarget section */

/* Begin PBXProject section */
		850818BA246AE6E1005DADA7 /* Project object */ = {
			isa = PBXProject;
			attributes = {
				LastSwiftUpdateCheck = 1140;
				LastUpgradeCheck = 1140;
				ORGANIZATIONNAME = "Adam Chisolm";
				TargetAttributes = {
					850818C1246AE6E1005DADA7 = {
						CreatedOnToolsVersion = 11.4.1;
					};
					850818D7246AE6E6005DADA7 = {
						CreatedOnToolsVersion = 11.4.1;
						TestTargetID = 850818C1246AE6E1005DADA7;
					};
					850818E2246AE6E6005DADA7 = {
						CreatedOnToolsVersion = 11.4.1;
						TestTargetID = 850818C1246AE6E1005DADA7;
					};
				};
			};
			buildConfigurationList = 850818BD246AE6E1005DADA7 /* Build configuration list for PBXProject "TFT Character Sheet" */;
			compatibilityVersion = "Xcode 9.3";
			developmentRegion = en;
			hasScannedForEncodings = 0;
			knownRegions = (
				en,
				Base,
			);
			mainGroup = 850818B9246AE6E1005DADA7;
			productRefGroup = 850818C3246AE6E1005DADA7 /* Products */;
			projectDirPath = "";
			projectRoot = "";
			targets = (
				850818C1246AE6E1005DADA7 /* TFT Character Sheet */,
				850818D7246AE6E6005DADA7 /* TFT Character SheetTests */,
				850818E2246AE6E6005DADA7 /* TFT Character SheetUITests */,
			);
		};
/* End PBXProject section */

/* Begin PBXResourcesBuildPhase section */
		850818C0246AE6E1005DADA7 /* Resources */ = {
			isa = PBXResourcesBuildPhase;
			buildActionMask = 2147483647;
			files = (
				850818D2246AE6E6005DADA7 /* LaunchScreen.storyboard in Resources */,
				854BBD2A246DA2EA00C47EF6 /* characterData.json in Resources */,
				8577F0492480206800E50BBC /* gandalf.jpg in Resources */,
				8577F0482480206800E50BBC /* bilbo.jpg in Resources */,
				8577F0472480206800E50BBC /* durin.jpg in Resources */,
				8577F04A2480206800E50BBC /* thorin.jpg in Resources */,
				850818CF246AE6E6005DADA7 /* Preview Assets.xcassets in Resources */,
				850818CC246AE6E6005DADA7 /* Assets.xcassets in Resources */,
			);
			runOnlyForDeploymentPostprocessing = 0;
		};
		850818D6246AE6E6005DADA7 /* Resources */ = {
			isa = PBXResourcesBuildPhase;
			buildActionMask = 2147483647;
			files = (
			);
			runOnlyForDeploymentPostprocessing = 0;
		};
		850818E1246AE6E6005DADA7 /* Resources */ = {
			isa = PBXResourcesBuildPhase;
			buildActionMask = 2147483647;
			files = (
			);
			runOnlyForDeploymentPostprocessing = 0;
		};
/* End PBXResourcesBuildPhase section */

/* Begin PBXSourcesBuildPhase section */
		850818BE246AE6E1005DADA7 /* Sources */ = {
			isa = PBXSourcesBuildPhase;
			buildActionMask = 2147483647;
			files = (
				854BBD2F246F48F400C47EF6 /* Data.swift in Sources */,
				850818F6246AF389005DADA7 /* CircleView.swift in Sources */,
				85CB360425056D0C005D6059 /* CreateCharacterView.swift in Sources */,
				850818C6246AE6E1005DADA7 /* AppDelegate.swift in Sources */,
				8548496324AA89500079D1CF /* UserData.swift in Sources */,
				854BBD27246DA0C500C47EF6 /* Character.swift in Sources */,
				850818C8246AE6E1005DADA7 /* SceneDelegate.swift in Sources */,
				854BBD2D246DA9EC00C47EF6 /* CharacterRow.swift in Sources */,
				850818CA246AE6E1005DADA7 /* CharacterSheet.swift in Sources */,
				8548496124A3E5E40079D1CF /* CharacterList.swift in Sources */,
			);
			runOnlyForDeploymentPostprocessing = 0;
		};
		850818D4246AE6E6005DADA7 /* Sources */ = {
			isa = PBXSourcesBuildPhase;
			buildActionMask = 2147483647;
			files = (
				850818DD246AE6E6005DADA7 /* TFT_Character_SheetTests.swift in Sources */,
			);
			runOnlyForDeploymentPostprocessing = 0;
		};
		850818DF246AE6E6005DADA7 /* Sources */ = {
			isa = PBXSourcesBuildPhase;
			buildActionMask = 2147483647;
			files = (
				850818E8246AE6E6005DADA7 /* TFT_Character_SheetUITests.swift in Sources */,
			);
			runOnlyForDeploymentPostprocessing = 0;
		};
/* End PBXSourcesBuildPhase section */

/* Begin PBXTargetDependency section */
		850818DA246AE6E6005DADA7 /* PBXTargetDependency */ = {
			isa = PBXTargetDependency;
			target = 850818C1246AE6E1005DADA7 /* TFT Character Sheet */;
			targetProxy = 850818D9246AE6E6005DADA7 /* PBXContainerItemProxy */;
		};
		850818E5246AE6E6005DADA7 /* PBXTargetDependency */ = {
			isa = PBXTargetDependency;
			target = 850818C1246AE6E1005DADA7 /* TFT Character Sheet */;
			targetProxy = 850818E4246AE6E6005DADA7 /* PBXContainerItemProxy */;
		};
/* End PBXTargetDependency section */

/* Begin PBXVariantGroup section */
		850818D0246AE6E6005DADA7 /* LaunchScreen.storyboard */ = {
			isa = PBXVariantGroup;
			children = (
				850818D1246AE6E6005DADA7 /* Base */,
			);
			name = LaunchScreen.storyboard;
			sourceTree = "<group>";
		};
/* End PBXVariantGroup section */

/* Begin XCBuildConfiguration section */
		850818EA246AE6E6005DADA7 /* Debug */ = {
			isa = XCBuildConfiguration;
			buildSettings = {
				ALWAYS_SEARCH_USER_PATHS = NO;
				CLANG_ANALYZER_NONNULL = YES;
				CLANG_ANALYZER_NUMBER_OBJECT_CONVERSION = YES_AGGRESSIVE;
				CLANG_CXX_LANGUAGE_STANDARD = "gnu++14";
				CLANG_CXX_LIBRARY = "libc++";
				CLANG_ENABLE_MODULES = YES;
				CLANG_ENABLE_OBJC_ARC = YES;
				CLANG_ENABLE_OBJC_WEAK = YES;
				CLANG_WARN_BLOCK_CAPTURE_AUTORELEASING = YES;
				CLANG_WARN_BOOL_CONVERSION = YES;
				CLANG_WARN_COMMA = YES;
				CLANG_WARN_CONSTANT_CONVERSION = YES;
				CLANG_WARN_DEPRECATED_OBJC_IMPLEMENTATIONS = YES;
				CLANG_WARN_DIRECT_OBJC_ISA_USAGE = YES_ERROR;
				CLANG_WARN_DOCUMENTATION_COMMENTS = YES;
				CLANG_WARN_EMPTY_BODY = YES;
				CLANG_WARN_ENUM_CONVERSION = YES;
				CLANG_WARN_INFINITE_RECURSION = YES;
				CLANG_WARN_INT_CONVERSION = YES;
				CLANG_WARN_NON_LITERAL_NULL_CONVERSION = YES;
				CLANG_WARN_OBJC_IMPLICIT_RETAIN_SELF = YES;
				CLANG_WARN_OBJC_LITERAL_CONVERSION = YES;
				CLANG_WARN_OBJC_ROOT_CLASS = YES_ERROR;
				CLANG_WARN_RANGE_LOOP_ANALYSIS = YES;
				CLANG_WARN_STRICT_PROTOTYPES = YES;
				CLANG_WARN_SUSPICIOUS_MOVE = YES;
				CLANG_WARN_UNGUARDED_AVAILABILITY = YES_AGGRESSIVE;
				CLANG_WARN_UNREACHABLE_CODE = YES;
				CLANG_WARN__DUPLICATE_METHOD_MATCH = YES;
				COPY_PHASE_STRIP = NO;
				DEBUG_INFORMATION_FORMAT = dwarf;
				ENABLE_STRICT_OBJC_MSGSEND = YES;
				ENABLE_TESTABILITY = YES;
				GCC_C_LANGUAGE_STANDARD = gnu11;
				GCC_DYNAMIC_NO_PIC = NO;
				GCC_NO_COMMON_BLOCKS = YES;
				GCC_OPTIMIZATION_LEVEL = 0;
				GCC_PREPROCESSOR_DEFINITIONS = (
					"DEBUG=1",
					"$(inherited)",
				);
				GCC_WARN_64_TO_32_BIT_CONVERSION = YES;
				GCC_WARN_ABOUT_RETURN_TYPE = YES_ERROR;
				GCC_WARN_UNDECLARED_SELECTOR = YES;
				GCC_WARN_UNINITIALIZED_AUTOS = YES_AGGRESSIVE;
				GCC_WARN_UNUSED_FUNCTION = YES;
				GCC_WARN_UNUSED_VARIABLE = YES;
				IPHONEOS_DEPLOYMENT_TARGET = 13.4;
				MTL_ENABLE_DEBUG_INFO = INCLUDE_SOURCE;
				MTL_FAST_MATH = YES;
				ONLY_ACTIVE_ARCH = YES;
				SDKROOT = iphoneos;
				SWIFT_ACTIVE_COMPILATION_CONDITIONS = DEBUG;
				SWIFT_OPTIMIZATION_LEVEL = "-Onone";
			};
			name = Debug;
		};
		850818EB246AE6E6005DADA7 /* Release */ = {
			isa = XCBuildConfiguration;
			buildSettings = {
				ALWAYS_SEARCH_USER_PATHS = NO;
				CLANG_ANALYZER_NONNULL = YES;
				CLANG_ANALYZER_NUMBER_OBJECT_CONVERSION = YES_AGGRESSIVE;
				CLANG_CXX_LANGUAGE_STANDARD = "gnu++14";
				CLANG_CXX_LIBRARY = "libc++";
				CLANG_ENABLE_MODULES = YES;
				CLANG_ENABLE_OBJC_ARC = YES;
				CLANG_ENABLE_OBJC_WEAK = YES;
				CLANG_WARN_BLOCK_CAPTURE_AUTORELEASING = YES;
				CLANG_WARN_BOOL_CONVERSION = YES;
				CLANG_WARN_COMMA = YES;
				CLANG_WARN_CONSTANT_CONVERSION = YES;
				CLANG_WARN_DEPRECATED_OBJC_IMPLEMENTATIONS = YES;
				CLANG_WARN_DIRECT_OBJC_ISA_USAGE = YES_ERROR;
				CLANG_WARN_DOCUMENTATION_COMMENTS = YES;
				CLANG_WARN_EMPTY_BODY = YES;
				CLANG_WARN_ENUM_CONVERSION = YES;
				CLANG_WARN_INFINITE_RECURSION = YES;
				CLANG_WARN_INT_CONVERSION = YES;
				CLANG_WARN_NON_LITERAL_NULL_CONVERSION = YES;
				CLANG_WARN_OBJC_IMPLICIT_RETAIN_SELF = YES;
				CLANG_WARN_OBJC_LITERAL_CONVERSION = YES;
				CLANG_WARN_OBJC_ROOT_CLASS = YES_ERROR;
				CLANG_WARN_RANGE_LOOP_ANALYSIS = YES;
				CLANG_WARN_STRICT_PROTOTYPES = YES;
				CLANG_WARN_SUSPICIOUS_MOVE = YES;
				CLANG_WARN_UNGUARDED_AVAILABILITY = YES_AGGRESSIVE;
				CLANG_WARN_UNREACHABLE_CODE = YES;
				CLANG_WARN__DUPLICATE_METHOD_MATCH = YES;
				COPY_PHASE_STRIP = NO;
				DEBUG_INFORMATION_FORMAT = "dwarf-with-dsym";
				ENABLE_NS_ASSERTIONS = NO;
				ENABLE_STRICT_OBJC_MSGSEND = YES;
				GCC_C_LANGUAGE_STANDARD = gnu11;
				GCC_NO_COMMON_BLOCKS = YES;
				GCC_WARN_64_TO_32_BIT_CONVERSION = YES;
				GCC_WARN_ABOUT_RETURN_TYPE = YES_ERROR;
				GCC_WARN_UNDECLARED_SELECTOR = YES;
				GCC_WARN_UNINITIALIZED_AUTOS = YES_AGGRESSIVE;
				GCC_WARN_UNUSED_FUNCTION = YES;
				GCC_WARN_UNUSED_VARIABLE = YES;
				IPHONEOS_DEPLOYMENT_TARGET = 13.4;
				MTL_ENABLE_DEBUG_INFO = NO;
				MTL_FAST_MATH = YES;
				SDKROOT = iphoneos;
				SWIFT_COMPILATION_MODE = wholemodule;
				SWIFT_OPTIMIZATION_LEVEL = "-O";
				VALIDATE_PRODUCT = YES;
			};
			name = Release;
		};
		850818ED246AE6E6005DADA7 /* Debug */ = {
			isa = XCBuildConfiguration;
			buildSettings = {
				ASSETCATALOG_COMPILER_APPICON_NAME = AppIcon;
				CODE_SIGN_STYLE = Automatic;
				DEVELOPMENT_ASSET_PATHS = "\"TFT Character Sheet/Preview Content\"";
				DEVELOPMENT_TEAM = 982REES7WZ;
				ENABLE_PREVIEWS = YES;
				INFOPLIST_FILE = "TFT Character Sheet/Info.plist";
				LD_RUNPATH_SEARCH_PATHS = (
					"$(inherited)",
					"@executable_path/Frameworks",
				);
				PRODUCT_BUNDLE_IDENTIFIER = "com.adamchisolm.TFT-Character-Sheet";
				PRODUCT_NAME = "$(TARGET_NAME)";
				SWIFT_VERSION = 5.0;
				TARGETED_DEVICE_FAMILY = "1,2";
			};
			name = Debug;
		};
		850818EE246AE6E6005DADA7 /* Release */ = {
			isa = XCBuildConfiguration;
			buildSettings = {
				ASSETCATALOG_COMPILER_APPICON_NAME = AppIcon;
				CODE_SIGN_STYLE = Automatic;
				DEVELOPMENT_ASSET_PATHS = "\"TFT Character Sheet/Preview Content\"";
				DEVELOPMENT_TEAM = 982REES7WZ;
				ENABLE_PREVIEWS = YES;
				INFOPLIST_FILE = "TFT Character Sheet/Info.plist";
				LD_RUNPATH_SEARCH_PATHS = (
					"$(inherited)",
					"@executable_path/Frameworks",
				);
				PRODUCT_BUNDLE_IDENTIFIER = "com.adamchisolm.TFT-Character-Sheet";
				PRODUCT_NAME = "$(TARGET_NAME)";
				SWIFT_VERSION = 5.0;
				TARGETED_DEVICE_FAMILY = "1,2";
			};
			name = Release;
		};
		850818F0246AE6E6005DADA7 /* Debug */ = {
			isa = XCBuildConfiguration;
			buildSettings = {
				ALWAYS_EMBED_SWIFT_STANDARD_LIBRARIES = YES;
				BUNDLE_LOADER = "$(TEST_HOST)";
				CODE_SIGN_STYLE = Automatic;
				DEVELOPMENT_TEAM = 982REES7WZ;
				INFOPLIST_FILE = "TFT Character SheetTests/Info.plist";
				IPHONEOS_DEPLOYMENT_TARGET = 13.4;
				LD_RUNPATH_SEARCH_PATHS = (
					"$(inherited)",
					"@executable_path/Frameworks",
					"@loader_path/Frameworks",
				);
				PRODUCT_BUNDLE_IDENTIFIER = "com.adamchisolm.TFT-Character-SheetTests";
				PRODUCT_NAME = "$(TARGET_NAME)";
				SWIFT_VERSION = 5.0;
				TARGETED_DEVICE_FAMILY = "1,2";
				TEST_HOST = "$(BUILT_PRODUCTS_DIR)/TFT Character Sheet.app/TFT Character Sheet";
			};
			name = Debug;
		};
		850818F1246AE6E6005DADA7 /* Release */ = {
			isa = XCBuildConfiguration;
			buildSettings = {
				ALWAYS_EMBED_SWIFT_STANDARD_LIBRARIES = YES;
				BUNDLE_LOADER = "$(TEST_HOST)";
				CODE_SIGN_STYLE = Automatic;
				DEVELOPMENT_TEAM = 982REES7WZ;
				INFOPLIST_FILE = "TFT Character SheetTests/Info.plist";
				IPHONEOS_DEPLOYMENT_TARGET = 13.4;
				LD_RUNPATH_SEARCH_PATHS = (
					"$(inherited)",
					"@executable_path/Frameworks",
					"@loader_path/Frameworks",
				);
				PRODUCT_BUNDLE_IDENTIFIER = "com.adamchisolm.TFT-Character-SheetTests";
				PRODUCT_NAME = "$(TARGET_NAME)";
				SWIFT_VERSION = 5.0;
				TARGETED_DEVICE_FAMILY = "1,2";
				TEST_HOST = "$(BUILT_PRODUCTS_DIR)/TFT Character Sheet.app/TFT Character Sheet";
			};
			name = Release;
		};
		850818F3246AE6E6005DADA7 /* Debug */ = {
			isa = XCBuildConfiguration;
			buildSettings = {
				ALWAYS_EMBED_SWIFT_STANDARD_LIBRARIES = YES;
				CODE_SIGN_STYLE = Automatic;
				DEVELOPMENT_TEAM = 982REES7WZ;
				INFOPLIST_FILE = "TFT Character SheetUITests/Info.plist";
				LD_RUNPATH_SEARCH_PATHS = (
					"$(inherited)",
					"@executable_path/Frameworks",
					"@loader_path/Frameworks",
				);
				PRODUCT_BUNDLE_IDENTIFIER = "com.adamchisolm.TFT-Character-SheetUITests";
				PRODUCT_NAME = "$(TARGET_NAME)";
				SWIFT_VERSION = 5.0;
				TARGETED_DEVICE_FAMILY = "1,2";
				TEST_TARGET_NAME = "TFT Character Sheet";
			};
			name = Debug;
		};
		850818F4246AE6E6005DADA7 /* Release */ = {
			isa = XCBuildConfiguration;
			buildSettings = {
				ALWAYS_EMBED_SWIFT_STANDARD_LIBRARIES = YES;
				CODE_SIGN_STYLE = Automatic;
				DEVELOPMENT_TEAM = 982REES7WZ;
				INFOPLIST_FILE = "TFT Character SheetUITests/Info.plist";
				LD_RUNPATH_SEARCH_PATHS = (
					"$(inherited)",
					"@executable_path/Frameworks",
					"@loader_path/Frameworks",
				);
				PRODUCT_BUNDLE_IDENTIFIER = "com.adamchisolm.TFT-Character-SheetUITests";
				PRODUCT_NAME = "$(TARGET_NAME)";
				SWIFT_VERSION = 5.0;
				TARGETED_DEVICE_FAMILY = "1,2";
				TEST_TARGET_NAME = "TFT Character Sheet";
			};
			name = Release;
		};
/* End XCBuildConfiguration section */

/* Begin XCConfigurationList section */
		850818BD246AE6E1005DADA7 /* Build configuration list for PBXProject "TFT Character Sheet" */ = {
			isa = XCConfigurationList;
			buildConfigurations = (
				850818EA246AE6E6005DADA7 /* Debug */,
				850818EB246AE6E6005DADA7 /* Release */,
			);
			defaultConfigurationIsVisible = 0;
			defaultConfigurationName = Release;
		};
		850818EC246AE6E6005DADA7 /* Build configuration list for PBXNativeTarget "TFT Character Sheet" */ = {
			isa = XCConfigurationList;
			buildConfigurations = (
				850818ED246AE6E6005DADA7 /* Debug */,
				850818EE246AE6E6005DADA7 /* Release */,
			);
			defaultConfigurationIsVisible = 0;
			defaultConfigurationName = Release;
		};
		850818EF246AE6E6005DADA7 /* Build configuration list for PBXNativeTarget "TFT Character SheetTests" */ = {
			isa = XCConfigurationList;
			buildConfigurations = (
				850818F0246AE6E6005DADA7 /* Debug */,
				850818F1246AE6E6005DADA7 /* Release */,
			);
			defaultConfigurationIsVisible = 0;
			defaultConfigurationName = Release;
		};
		850818F2246AE6E6005DADA7 /* Build configuration list for PBXNativeTarget "TFT Character SheetUITests" */ = {
			isa = XCConfigurationList;
			buildConfigurations = (
				850818F3246AE6E6005DADA7 /* Debug */,
				850818F4246AE6E6005DADA7 /* Release */,
			);
			defaultConfigurationIsVisible = 0;
			defaultConfigurationName = Release;
		};
/* End XCConfigurationList section */
	};
	rootObject = 850818BA246AE6E1005DADA7 /* Project object */;
}
